<?xml version="1.0" encoding="utf-8"?>
<Project ToolsVersion="4.0" xmlns="http://schemas.microsoft.com/developer/msbuild/2003">
  <ItemGroup>
    <Filter Include="Arquivos de Origem">
      <UniqueIdentifier>{4FC737F1-C7A5-4376-A066-2A32D752A2FF}</UniqueIdentifier>
      <Extensions>cpp;c;cc;cxx;c++;cppm;ixx;def;odl;idl;hpj;bat;asm;asmx</Extensions>
    </Filter>
    <Filter Include="Arquivos de Cabeçalho">
      <UniqueIdentifier>{93995380-89BD-4b04-88EB-625FBE52EBFB}</UniqueIdentifier>
      <Extensions>h;hh;hpp;hxx;h++;hm;inl;inc;ipp;xsd</Extensions>
    </Filter>
    <Filter Include="Arquivos de Recurso">
      <UniqueIdentifier>{67DA6AB6-F800-4c08-8B7A-83BB121AAD01}</UniqueIdentifier>
      <Extensions>rc;ico;cur;bmp;dlg;rc2;rct;bin;rgs;gif;jpg;jpeg;jpe;resx;tiff;tif;png;wav;mfcribbon-ms</Extensions>
    </Filter>
    <Filter Include="Arquivos de Recurso\GameState">
      <UniqueIdentifier>{3d9d8d39-3545-4e47-b67a-1f7b2093dcd8}</UniqueIdentifier>
    </Filter>
    <Filter Include="Arquivos de Recurso\GUI">
      <UniqueIdentifier>{0e798d2a-4fa5-4eab-a264-113cac0a26b0}</UniqueIdentifier>
    </Filter>
    <Filter Include="Arquivos de Recurso\InputHandler">
      <UniqueIdentifier>{beaef9d0-aeea-402d-b790-bc18386b99d2}</UniqueIdentifier>
    </Filter>
    <Filter Include="Arquivos de Recurso\Map">
      <UniqueIdentifier>{d6ef9d06-a92c-4152-8840-1cab16621664}</UniqueIdentifier>
    </Filter>
    <Filter Include="Arquivos de Recurso\Entities">
      <UniqueIdentifier>{5e26e9f6-d597-4819-abf6-7d7cf86d0dd0}</UniqueIdentifier>
    </Filter>
    <Filter Include="Arquivos de Recurso\Map\Dungeon Generation">
      <UniqueIdentifier>{95c0dd84-187f-416e-99cc-0ebbf0a8528f}</UniqueIdentifier>
    </Filter>
    <Filter Include="Arquivos de Recurso\Map\Dungeon Generation\BSP">
      <UniqueIdentifier>{4b119b53-facd-4a5a-9eea-dc5eb22faa31}</UniqueIdentifier>
    </Filter>
    <Filter Include="Arquivos de Recurso\Engine">
      <UniqueIdentifier>{99b7da3e-e2f5-438a-a485-10807fc5b12a}</UniqueIdentifier>
    </Filter>
    <Filter Include="Arquivos de Recurso\Entities\Item">
      <UniqueIdentifier>{e2042dfa-5612-4b5a-8d79-f80a23e81e73}</UniqueIdentifier>
    </Filter>
    <Filter Include="Arquivos de Recurso\Entities\Character">
      <UniqueIdentifier>{b3e9eeb5-986f-4e13-916d-6b0dcbd33b4a}</UniqueIdentifier>
    </Filter>
    <Filter Include="Arquivos de Recurso\Entities\Character\AI">
      <UniqueIdentifier>{263d3093-46fa-45a7-8e1a-0f3c79db24ca}</UniqueIdentifier>
    </Filter>
    <Filter Include="Arquivos de Recurso\GUI\Menu">
      <UniqueIdentifier>{660d2e39-9e85-4aaa-92eb-1762543917d8}</UniqueIdentifier>
    </Filter>
  </ItemGroup>
  <ItemGroup>
    <ClInclude Include="include\GUI.h">
      <Filter>Arquivos de Recurso\GUI</Filter>
    </ClInclude>
    <ClInclude Include="include\Message.h">
      <Filter>Arquivos de Recurso\GUI</Filter>
    </ClInclude>
    <ClInclude Include="include\Bar.h">
      <Filter>Arquivos de Recurso\GUI</Filter>
    </ClInclude>
    <ClInclude Include="include\InputHandler.h">
      <Filter>Arquivos de Recurso\InputHandler</Filter>
    </ClInclude>
    <ClInclude Include="include\hash_pair.h">
      <Filter>Arquivos de Recurso\InputHandler</Filter>
    </ClInclude>
    <ClInclude Include="include\Map.h">
      <Filter>Arquivos de Recurso\Map</Filter>
    </ClInclude>
    <ClInclude Include="include\Tile.h">
      <Filter>Arquivos de Recurso\Map</Filter>
    </ClInclude>
    <ClInclude Include="include\Entity.h">
      <Filter>Arquivos de Recurso\Entities</Filter>
    </ClInclude>
    <ClInclude Include="include\Pathfinding.h">
      <Filter>Arquivos de Cabeçalho</Filter>
    </ClInclude>
    <ClInclude Include="include\Engine.h">
      <Filter>Arquivos de Recurso\Engine</Filter>
    </ClInclude>
    <ClInclude Include="include\RNG.h">
      <Filter>Arquivos de Recurso\Engine</Filter>
    </ClInclude>
    <ClInclude Include="include\HelperFunctions.h">
      <Filter>Arquivos de Cabeçalho</Filter>
    </ClInclude>
    <ClInclude Include="include\AI.h">
      <Filter>Arquivos de Recurso\Entities\Character\AI</Filter>
    </ClInclude>
    <ClInclude Include="include\Item.h">
      <Filter>Arquivos de Recurso\Entities\Item</Filter>
    </ClInclude>
    <ClInclude Include="include\Inventory.h">
      <Filter>Arquivos de Recurso\Entities\Item</Filter>
    </ClInclude>
    <ClInclude Include="include\Stats.h">
      <Filter>Arquivos de Recurso\Entities\Character</Filter>
    </ClInclude>
    <ClInclude Include="include\BSP.h">
      <Filter>Arquivos de Recurso\Map\Dungeon Generation</Filter>
    </ClInclude>
    <ClInclude Include="include\FOV.h">
      <Filter>Arquivos de Recurso\Entities</Filter>
    </ClInclude>
    <ClInclude Include="include\nlohmann\json.hpp">
      <Filter>Arquivos de Recurso\Engine</Filter>
    </ClInclude>
    <ClInclude Include="include\Menu.h">
      <Filter>Arquivos de Recurso\GUI\Menu</Filter>
    </ClInclude>
    <ClInclude Include="include\InventoryMenu.h">
      <Filter>Arquivos de Recurso\GUI\Menu</Filter>
    </ClInclude>
    <ClInclude Include="include\Color.h">
      <Filter>Arquivos de Cabeçalho</Filter>
    </ClInclude>
    <ClInclude Include="include\Character.h">
      <Filter>Arquivos de Recurso\Entities\Character</Filter>
    </ClInclude>
    <ClInclude Include="include\AnimationComponent.h">
      <Filter>Arquivos de Recurso\Entities</Filter>
    </ClInclude>
    <ClInclude Include="include\Textbox.h">
      <Filter>Arquivos de Recurso\GUI</Filter>
    </ClInclude>
    <ClInclude Include="include\MainMenu.h">
      <Filter>Arquivos de Recurso\GUI\Menu</Filter>
    </ClInclude>
    <ClInclude Include="include\Button.h">
      <Filter>Arquivos de Recurso\GUI</Filter>
    </ClInclude>
    <ClInclude Include="include\GameInterface.h">
      <Filter>Arquivos de Recurso\GUI\Menu</Filter>
    </ClInclude>
  </ItemGroup>
  <ItemGroup>
    <ClCompile Include="src\main.cpp">
      <Filter>Arquivos de Origem</Filter>
    </ClCompile>
    <ClCompile Include="Creditos.cpp">
      <Filter>Arquivos de Origem</Filter>
    </ClCompile>
    <ClCompile Include="src\GUI.cpp">
      <Filter>Arquivos de Recurso\GUI</Filter>
    </ClCompile>
    <ClCompile Include="src\Message.cpp">
      <Filter>Arquivos de Recurso\GUI</Filter>
    </ClCompile>
    <ClCompile Include="Bar.cpp">
      <Filter>Arquivos de Recurso\GUI</Filter>
    </ClCompile>
    <ClCompile Include="src\Pathfinding.cpp">
      <Filter>Arquivos de Origem</Filter>
    </ClCompile>
    <ClCompile Include="src\Map.cpp">
      <Filter>Arquivos de Recurso\Map</Filter>
    </ClCompile>
    <ClCompile Include="src\Tile.cpp">
      <Filter>Arquivos de Recurso\Map</Filter>
    </ClCompile>
    <ClCompile Include="src\Entity.cpp">
      <Filter>Arquivos de Recurso\Entities</Filter>
    </ClCompile>
    <ClCompile Include="src\Engine.cpp">
      <Filter>Arquivos de Recurso\Engine</Filter>
    </ClCompile>
    <ClCompile Include="src\AI.cpp">
      <Filter>Arquivos de Recurso\Entities\Character\AI</Filter>
    </ClCompile>
    <ClCompile Include="src\Item.cpp">
      <Filter>Arquivos de Recurso\Entities\Item</Filter>
    </ClCompile>
    <ClCompile Include="src\Inventory.cpp">
      <Filter>Arquivos de Recurso\Entities\Item</Filter>
    </ClCompile>
    <ClCompile Include="src\Stats.cpp">
      <Filter>Arquivos de Recurso\Entities\Character</Filter>
    </ClCompile>
    <ClCompile Include="src\BSP.cpp">
      <Filter>Arquivos de Recurso\Map\Dungeon Generation</Filter>
    </ClCompile>
    <ClCompile Include="src\FOV.cpp">
      <Filter>Arquivos de Recurso\Entities</Filter>
    </ClCompile>
    <ClCompile Include="src\Menu.cpp">
      <Filter>Arquivos de Recurso\GUI\Menu</Filter>
    </ClCompile>
    <ClCompile Include="src\InventoryMenu.cpp">
      <Filter>Arquivos de Recurso\GUI\Menu</Filter>
    </ClCompile>
    <ClCompile Include="src\Character.cpp">
      <Filter>Arquivos de Recurso\Entities\Character</Filter>
    </ClCompile>
    <ClCompile Include="src\AnimationComponent.cpp">
      <Filter>Arquivos de Recurso\Entities</Filter>
    </ClCompile>
    <ClCompile Include="src\Textbox.cpp">
      <Filter>Arquivos de Recurso\GUI</Filter>
    </ClCompile>
    <ClCompile Include="src\MainMenu.cpp">
      <Filter>Arquivos de Recurso\GUI\Menu</Filter>
    </ClCompile>
    <ClCompile Include="src\Button.cpp">
      <Filter>Arquivos de Recurso\GUI</Filter>
    </ClCompile>
    <ClCompile Include="src\GameInterface.cpp">
      <Filter>Arquivos de Recurso\GUI\Menu</Filter>
    </ClCompile>
  </ItemGroup>
</Project>